
Microsoft Visual Studio Solution File, Format Version 12.00
# Visual Studio Version 16
VisualStudioVersion = 16.0.29326.143
MinimumVisualStudioVersion = 10.0.40219.1
Project("{8BC9CEB8-8B4A-11D0-8D11-00A0C91BC942}") = "WEEK7_201602052", "WEEK7_201602052\WEEK7_201602052.vcxproj", "{BC641713-A177-49D9-BC21-2C80F12C4913}"
EndProject
Global
	GlobalSection(SolutionConfigurationPlatforms) = preSolution
		Debug|x64 = Debug|x64
		Debug|x86 = Debug|x86
		Release|x64 = Release|x64
		Release|x86 = Release|x86
	EndGlobalSection
	GlobalSection(ProjectConfigurationPlatforms) = postSolution
		{BC641713-A177-49D9-BC21-2C80F12C4913}.Debug|x64.ActiveCfg = Debug|x64
		{BC641713-A177-49D9-BC21-2C80F12C4913}.Debug|x64.Build.0 = Debug|x64
		{BC641713-A177-49D9-BC21-2C80F12C4913}.Debug|x86.ActiveCfg = Debug|Win32
		{BC641713-A177-49D9-BC21-2C80F12C4913}.Debug|x86.Build.0 = Debug|Win32
		{BC641713-A177-49D9-BC21-2C80F12C4913}.Release|x64.ActiveCfg = Release|x64
		{BC641713-A177-49D9-BC21-2C80F12C4913}.Release|x64.Build.0 = Release|x64
		{BC641713-A177-49D9-BC21-2C80F12C4913}.Release|x86.ActiveCfg = Release|Win32
		{BC641713-A177-49D9-BC21-2C80F12C4913}.Release|x86.Build.0 = Release|Win32
	EndGlobalSection
	GlobalSection(SolutionProperties) = preSolution
		HideSolutionNode = FALSE
	EndGlobalSection
	GlobalSection(ExtensibilityGlobals) = postSolution
		SolutionGuid = {972CC8DF-FA45-4889-8ACD-B6F560DF9FCB}
	EndGlobalSection
EndGlobal
